
Microsoft Visual Studio Solution File, Format Version 12.00
# Visual Studio Version 17
VisualStudioVersion = 17.1.32210.238
MinimumVisualStudioVersion = 10.0.40219.1
Project("{FAE04EC0-301F-11D3-BF4B-00C04F79EFBC}") = "Delegate2", "Delegate2\Delegate2.csproj", "{47370D56-259E-4663-AF79-2B3DD58D324A}"
EndProject
Project("{FAE04EC0-301F-11D3-BF4B-00C04F79EFBC}") = "Utils", "Utils\Utils.csproj", "{76EB4696-FD0D-476A-90C2-ADC1E07CD8DB}"
EndProject
Global
	GlobalSection(SolutionConfigurationPlatforms) = preSolution
		Debug|Any CPU = Debug|Any CPU
		Release|Any CPU = Release|Any CPU
	EndGlobalSection
	GlobalSection(ProjectConfigurationPlatforms) = postSolution
		{47370D56-259E-4663-AF79-2B3DD58D324A}.Debug|Any CPU.ActiveCfg = Debug|Any CPU
		{47370D56-259E-4663-AF79-2B3DD58D324A}.Debug|Any CPU.Build.0 = Debug|Any CPU
		{47370D56-259E-4663-AF79-2B3DD58D324A}.Release|Any CPU.ActiveCfg = Release|Any CPU
		{47370D56-259E-4663-AF79-2B3DD58D324A}.Release|Any CPU.Build.0 = Release|Any CPU
		{76EB4696-FD0D-476A-90C2-ADC1E07CD8DB}.Debug|Any CPU.ActiveCfg = Debug|Any CPU
		{76EB4696-FD0D-476A-90C2-ADC1E07CD8DB}.Debug|Any CPU.Build.0 = Debug|Any CPU
		{76EB4696-FD0D-476A-90C2-ADC1E07CD8DB}.Release|Any CPU.ActiveCfg = Release|Any CPU
		{76EB4696-FD0D-476A-90C2-ADC1E07CD8DB}.Release|Any CPU.Build.0 = Release|Any CPU
	EndGlobalSection
	GlobalSection(SolutionProperties) = preSolution
		HideSolutionNode = FALSE
	EndGlobalSection
	GlobalSection(ExtensibilityGlobals) = postSolution
		SolutionGuid = {A2ECA6BD-C567-4BC8-BC48-627E448250E8}
	EndGlobalSection
EndGlobal
